
Microsoft Visual Studio Solution File, Format Version 12.00
# Visual Studio Version 17
VisualStudioVersion = 17.1.32407.343
MinimumVisualStudioVersion = 10.0.40219.1
Project("{FAE04EC0-301F-11D3-BF4B-00C04F79EFBC}") = "MotionTestApi", "MotionTestApi\MotionTestApi.csproj", "{199937AA-2BF0-4099-8088-9CE575224491}"
EndProject
Global
	GlobalSection(SolutionConfigurationPlatforms) = preSolution
		Debug|Any CPU = Debug|Any CPU
		Release|Any CPU = Release|Any CPU
	EndGlobalSection
	GlobalSection(ProjectConfigurationPlatforms) = postSolution
		{199937AA-2BF0-4099-8088-9CE575224491}.Debug|Any CPU.ActiveCfg = Debug|Any CPU
		{199937AA-2BF0-4099-8088-9CE575224491}.Debug|Any CPU.Build.0 = Debug|Any CPU
		{199937AA-2BF0-4099-8088-9CE575224491}.Release|Any CPU.ActiveCfg = Release|Any CPU
		{199937AA-2BF0-4099-8088-9CE575224491}.Release|Any CPU.Build.0 = Release|Any CPU
	EndGlobalSection
	GlobalSection(SolutionProperties) = preSolution
		HideSolutionNode = FALSE
	EndGlobalSection
	GlobalSection(ExtensibilityGlobals) = postSolution
		SolutionGuid = {C4ABF3EE-F687-417A-99BB-1083BB99C02A}
	EndGlobalSection
EndGlobal
